<?xml version="1.0" encoding="utf-8"?>
<Project ToolsVersion="4.0" xmlns="http://schemas.microsoft.com/developer/msbuild/2003">
  <ItemGroup>
    <Filter Include="Source Files">
      <UniqueIdentifier>{4FC737F1-C7A5-4376-A066-2A32D752A2FF}</UniqueIdentifier>
      <Extensions>cpp;c;cc;cxx;def;odl;idl;hpj;bat;asm;asmx</Extensions>
    </Filter>
    <Filter Include="Header Files">
      <UniqueIdentifier>{93995380-89BD-4b04-88EB-625FBE52EBFB}</UniqueIdentifier>
      <Extensions>h;hh;hpp;hxx;hm;inl;inc;xsd</Extensions>
    </Filter>
    <Filter Include="Resource Files">
      <UniqueIdentifier>{67DA6AB6-F800-4c08-8B7A-83BB121AAD01}</UniqueIdentifier>
      <Extensions>rc;ico;cur;bmp;dlg;rc2;rct;bin;rgs;gif;jpg;jpeg;jpe;resx;tiff;tif;png;wav;mfcribbon-ms</Extensions>
    </Filter>
    <Filter Include="Source Files\funtzioak">
      <UniqueIdentifier>{2932f5a1-5af1-4790-90b7-46b0877e175d}</UniqueIdentifier>
    </Filter>
    <Filter Include="Header Files\headerrak">
      <UniqueIdentifier>{e0368235-37cc-4635-95f0-ef8f00044675}</UniqueIdentifier>
    </Filter>
    <Filter Include="Header Files\gure headerrak">
      <UniqueIdentifier>{130e75bd-fe4f-4673-b365-7dd3445fe9b8}</UniqueIdentifier>
    </Filter>
    <Filter Include="Source Files\gure funtzioak">
      <UniqueIdentifier>{afd22666-a733-43ce-b71d-5df03417b954}</UniqueIdentifier>
    </Filter>
  </ItemGroup>
  <ItemGroup>
    <ClCompile Include="..\simpleSdlWrapper\ebentoak.c">
      <Filter>Source Files\funtzioak</Filter>
    </ClCompile>
    <ClCompile Include="..\simpleSdlWrapper\graphics.c">
      <Filter>Source Files\funtzioak</Filter>
    </ClCompile>
    <ClCompile Include="..\simpleSdlWrapper\imagen.c">
      <Filter>Source Files\funtzioak</Filter>
    </ClCompile>
    <ClCompile Include="..\simpleSdlWrapper\soinua.c">
      <Filter>Source Files\funtzioak</Filter>
    </ClCompile>
    <ClCompile Include="..\simpleSdlWrapper\text.c">
      <Filter>Source Files\funtzioak</Filter>
    </ClCompile>
    <ClCompile Include="main.c">
      <Filter>Source Files</Filter>
    </ClCompile>
    <ClCompile Include="hasierako pantailak.c">
      <Filter>Source Files\gure funtzioak</Filter>
    </ClCompile>
    <ClCompile Include="testua.c">
      <Filter>Source Files\gure funtzioak</Filter>
    </ClCompile>
    <ClCompile Include="program.c">
      <Filter>Source Files\gure funtzioak</Filter>
    </ClCompile>
    <ClCompile Include="redes.c">
      <Filter>Source Files\gure funtzioak</Filter>
    </ClCompile>
    <ClCompile Include="matematika.c">
      <Filter>Source Files\gure funtzioak</Filter>
    </ClCompile>
    <ClCompile Include="irudiformak.c">
      <Filter>Source Files\gure funtzioak</Filter>
    </ClCompile>
    <ClCompile Include="iratzarri.c">
      <Filter>Source Files\gure funtzioak</Filter>
    </ClCompile>
    <ClCompile Include="oinarri.c">
      <Filter>Source Files\gure funtzioak</Filter>
    </ClCompile>
    <ClCompile Include="fisika.c">
      <Filter>Source Files\gure funtzioak</Filter>
    </ClCompile>
    <ClCompile Include="plataformak.c">
      <Filter>Source Files\gure funtzioak</Filter>
    </ClCompile>
    <ClCompile Include="musika.c">
      <Filter>Source Files\gure funtzioak</Filter>
    </ClCompile>
  </ItemGroup>
  <ItemGroup>
    <ClInclude Include="OurTypes.h">
      <Filter>Header Files</Filter>
    </ClInclude>
    <ClInclude Include="..\simpleSdlWrapper\ebentoak.h">
      <Filter>Header Files\headerrak</Filter>
    </ClInclude>
    <ClInclude Include="..\simpleSdlWrapper\graphics.h">
      <Filter>Header Files\headerrak</Filter>
    </ClInclude>
    <ClInclude Include="..\simpleSdlWrapper\imagen.h">
      <Filter>Header Files\headerrak</Filter>
    </ClInclude>
    <ClInclude Include="..\simpleSdlWrapper\soinua.h">
      <Filter>Header Files\headerrak</Filter>
    </ClInclude>
    <ClInclude Include="..\simpleSdlWrapper\text.h">
      <Filter>Header Files\headerrak</Filter>
    </ClInclude>
    <ClInclude Include="resource.h">
      <Filter>Header Files</Filter>
    </ClInclude>
    <ClInclude Include="hasierako pantailak.h">
      <Filter>Header Files\gure headerrak</Filter>
    </ClInclude>
    <ClInclude Include="testua.h">
      <Filter>Header Files\gure headerrak</Filter>
    </ClInclude>
    <ClInclude Include="program.h">
      <Filter>Header Files\gure headerrak</Filter>
    </ClInclude>
    <ClInclude Include="redes.h">
      <Filter>Header Files\gure headerrak</Filter>
    </ClInclude>
    <ClInclude Include="matematika.h">
      <Filter>Header Files\gure headerrak</Filter>
    </ClInclude>
    <ClInclude Include="irudiformak.h">
      <Filter>Header Files\gure headerrak</Filter>
    </ClInclude>
    <ClInclude Include="iratzarri.h">
      <Filter>Header Files\gure headerrak</Filter>
    </ClInclude>
    <ClInclude Include="oinarri.h">
      <Filter>Header Files\gure headerrak</Filter>
    </ClInclude>
    <ClInclude Include="fisika.h">
      <Filter>Header Files\gure headerrak</Filter>
    </ClInclude>
    <ClInclude Include="plataformak.h">
      <Filter>Header Files\gure headerrak</Filter>
    </ClInclude>
    <ClInclude Include="musika.h">
      <Filter>Header Files\gure headerrak</Filter>
    </ClInclude>
  </ItemGroup>
  <ItemGroup>
    <ResourceCompile Include="STUDENTS LIFE.rc">
      <Filter>Resource Files</Filter>
    </ResourceCompile>
  </ItemGroup>
</Project>